
Microsoft Visual Studio Solution File, Format Version 12.00
# Visual Studio Version 17
VisualStudioVersion = 17.4.33205.214
MinimumVisualStudioVersion = 10.0.40219.1
Project("{FAE04EC0-301F-11D3-BF4B-00C04F79EFBC}") = "HomeWork", "HomeWork\HomeWork.csproj", "{802EF152-3BEA-4E0B-BF1D-B6AF0321FE87}"
EndProject
Global
	GlobalSection(SolutionConfigurationPlatforms) = preSolution
		Debug|Any CPU = Debug|Any CPU
		Release|Any CPU = Release|Any CPU
	EndGlobalSection
	GlobalSection(ProjectConfigurationPlatforms) = postSolution
		{802EF152-3BEA-4E0B-BF1D-B6AF0321FE87}.Debug|Any CPU.ActiveCfg = Debug|Any CPU
		{802EF152-3BEA-4E0B-BF1D-B6AF0321FE87}.Debug|Any CPU.Build.0 = Debug|Any CPU
		{802EF152-3BEA-4E0B-BF1D-B6AF0321FE87}.Release|Any CPU.ActiveCfg = Release|Any CPU
		{802EF152-3BEA-4E0B-BF1D-B6AF0321FE87}.Release|Any CPU.Build.0 = Release|Any CPU
	EndGlobalSection
	GlobalSection(SolutionProperties) = preSolution
		HideSolutionNode = FALSE
	EndGlobalSection
	GlobalSection(ExtensibilityGlobals) = postSolution
		SolutionGuid = {D223826B-957D-478A-8BFC-91D048C5F374}
	EndGlobalSection
EndGlobal
